PODS:
  - Flutter (1.0.0)
  - flutter_airpods (0.0.1):
    - Flutter

DEPENDENCIES:
  - Flutter (from `Flutter`)
  - flutter_airpods (from `.symlinks/plugins/flutter_airpods/ios`)

EXTERNAL SOURCES:
  Flutter:
    :path: Flutter
  flutter_airpods:
    :path: ".symlinks/plugins/flutter_airpods/ios"

SPEC CHECKSUMS:
  Flutter: e0871f40cf51350855a761d2e70bf5af5b9b5de7
  flutter_airpods: 93bc939497a23c00126bfcf65a3e2bdbf91722be

PODFILE CHECKSUM: e30f02f9d1c72c47bb6344a0a748c9d268180865

COCOAPODS: 1.15.2
